
Microsoft Visual Studio Solution File, Format Version 12.00
# Visual Studio 15
VisualStudioVersion = 15.0.26228.4
MinimumVisualStudioVersion = 10.0.40219.1
Project("{FAE04EC0-301F-11D3-BF4B-00C04F79EFBC}") = "MVCForum.WebSite", "MVCForum\MVCForum.WebSite.csproj", "{570A43FF-5F90-420E-9FA0-DAA73C3A88FD}"
EndProject
Project("{FAE04EC0-301F-11D3-BF4B-00C04F79EFBC}") = "MVCForum.Data", "MVCForum.Data\MVCForum.Data.csproj", "{A8442EF7-A37B-47EE-9E88-B86A7534C714}"
EndProject
Project("{FAE04EC0-301F-11D3-BF4B-00C04F79EFBC}") = "MVCForum.Domain", "MVCForum.Core\MVCForum.Domain.csproj", "{EF16A18D-FA72-43C5-80B2-C0C5EE086162}"
EndProject
Project("{FAE04EC0-301F-11D3-BF4B-00C04F79EFBC}") = "MVCForum.Utilities", "MVCForum.Utilities\MVCForum.Utilities.csproj", "{BD07B2AF-B128-487D-84B1-3EF295170F7D}"
EndProject
Global
	GlobalSection(SolutionConfigurationPlatforms) = preSolution
		Debug|Any CPU = Debug|Any CPU
		Release|Any CPU = Release|Any CPU
	EndGlobalSection
	GlobalSection(ProjectConfigurationPlatforms) = postSolution
		{570A43FF-5F90-420E-9FA0-DAA73C3A88FD}.Debug|Any CPU.ActiveCfg = Debug|Any CPU
		{570A43FF-5F90-420E-9FA0-DAA73C3A88FD}.Debug|Any CPU.Build.0 = Debug|Any CPU
		{570A43FF-5F90-420E-9FA0-DAA73C3A88FD}.Release|Any CPU.ActiveCfg = Release|Any CPU
		{570A43FF-5F90-420E-9FA0-DAA73C3A88FD}.Release|Any CPU.Build.0 = Release|Any CPU
		{A8442EF7-A37B-47EE-9E88-B86A7534C714}.Debug|Any CPU.ActiveCfg = Debug|Any CPU
		{A8442EF7-A37B-47EE-9E88-B86A7534C714}.Debug|Any CPU.Build.0 = Debug|Any CPU
		{A8442EF7-A37B-47EE-9E88-B86A7534C714}.Release|Any CPU.ActiveCfg = Release|Any CPU
		{A8442EF7-A37B-47EE-9E88-B86A7534C714}.Release|Any CPU.Build.0 = Release|Any CPU
		{EF16A18D-FA72-43C5-80B2-C0C5EE086162}.Debug|Any CPU.ActiveCfg = Debug|Any CPU
		{EF16A18D-FA72-43C5-80B2-C0C5EE086162}.Debug|Any CPU.Build.0 = Debug|Any CPU
		{EF16A18D-FA72-43C5-80B2-C0C5EE086162}.Release|Any CPU.ActiveCfg = Release|Any CPU
		{EF16A18D-FA72-43C5-80B2-C0C5EE086162}.Release|Any CPU.Build.0 = Release|Any CPU
		{BD07B2AF-B128-487D-84B1-3EF295170F7D}.Debug|Any CPU.ActiveCfg = Debug|Any CPU
		{BD07B2AF-B128-487D-84B1-3EF295170F7D}.Debug|Any CPU.Build.0 = Debug|Any CPU
		{BD07B2AF-B128-487D-84B1-3EF295170F7D}.Release|Any CPU.ActiveCfg = Release|Any CPU
		{BD07B2AF-B128-487D-84B1-3EF295170F7D}.Release|Any CPU.Build.0 = Release|Any CPU
	EndGlobalSection
	GlobalSection(SolutionProperties) = preSolution
		HideSolutionNode = FALSE
	EndGlobalSection
EndGlobal
